
Microsoft Visual Studio Solution File, Format Version 12.00
# Visual Studio Version 17
VisualStudioVersion = 17.14.36623.8 d17.14
MinimumVisualStudioVersion = 10.0.40219.1
Project("{FAE04EC0-301F-11D3-BF4B-00C04F79EFBC}") = "Bev.Instruments.ArraySpectrometer.Abstractions", "Bev.Instruments.ArraySpectrometer.Abstractions\Bev.Instruments.ArraySpectrometer.Abstractions.csproj", "{771B7DC2-7DEA-4F13-86FF-40DA5A69EB70}"
EndProject
Global
	GlobalSection(SolutionConfigurationPlatforms) = preSolution
		Debug|Any CPU = Debug|Any CPU
		Release|Any CPU = Release|Any CPU
	EndGlobalSection
	GlobalSection(ProjectConfigurationPlatforms) = postSolution
		{771B7DC2-7DEA-4F13-86FF-40DA5A69EB70}.Debug|Any CPU.ActiveCfg = Debug|Any CPU
		{771B7DC2-7DEA-4F13-86FF-40DA5A69EB70}.Debug|Any CPU.Build.0 = Debug|Any CPU
		{771B7DC2-7DEA-4F13-86FF-40DA5A69EB70}.Release|Any CPU.ActiveCfg = Release|Any CPU
		{771B7DC2-7DEA-4F13-86FF-40DA5A69EB70}.Release|Any CPU.Build.0 = Release|Any CPU
	EndGlobalSection
	GlobalSection(SolutionProperties) = preSolution
		HideSolutionNode = FALSE
	EndGlobalSection
	GlobalSection(ExtensibilityGlobals) = postSolution
		SolutionGuid = {BC9D97FB-17AF-413E-AAD7-490D950CEB52}
	EndGlobalSection
EndGlobal
